
Microsoft Visual Studio Solution File, Format Version 12.00
# Visual Studio Version 16
VisualStudioVersion = 16.0.30225.117
MinimumVisualStudioVersion = 10.0.40219.1
Project("{FAE04EC0-301F-11D3-BF4B-00C04F79EFBC}") = "clientguiWF", "clientguiWF.csproj", "{714F0CA4-CF6C-4B80-8D93-F2C12FB6BE8A}"
EndProject
Global
	GlobalSection(SolutionConfigurationPlatforms) = preSolution
		Debug|Any CPU = Debug|Any CPU
		Release|Any CPU = Release|Any CPU
	EndGlobalSection
	GlobalSection(ProjectConfigurationPlatforms) = postSolution
		{714F0CA4-CF6C-4B80-8D93-F2C12FB6BE8A}.Debug|Any CPU.ActiveCfg = Debug|Any CPU
		{714F0CA4-CF6C-4B80-8D93-F2C12FB6BE8A}.Debug|Any CPU.Build.0 = Debug|Any CPU
		{714F0CA4-CF6C-4B80-8D93-F2C12FB6BE8A}.Release|Any CPU.ActiveCfg = Release|Any CPU
		{714F0CA4-CF6C-4B80-8D93-F2C12FB6BE8A}.Release|Any CPU.Build.0 = Release|Any CPU
	EndGlobalSection
	GlobalSection(SolutionProperties) = preSolution
		HideSolutionNode = FALSE
	EndGlobalSection
	GlobalSection(ExtensibilityGlobals) = postSolution
		SolutionGuid = {4B01BFBC-943C-4DD8-B12A-554A389CA1C8}
	EndGlobalSection
EndGlobal
