
Microsoft Visual Studio Solution File, Format Version 12.00
# Visual Studio Version 16
VisualStudioVersion = 16.0.30225.117
MinimumVisualStudioVersion = 10.0.40219.1
Project("{FAE04EC0-301F-11D3-BF4B-00C04F79EFBC}") = "Server", "Server.csproj", "{860DA049-13B9-4AE1-9C1D-58723471E8A4}"
EndProject
Global
	GlobalSection(SolutionConfigurationPlatforms) = preSolution
		Debug|Any CPU = Debug|Any CPU
		Release|Any CPU = Release|Any CPU
	EndGlobalSection
	GlobalSection(ProjectConfigurationPlatforms) = postSolution
		{860DA049-13B9-4AE1-9C1D-58723471E8A4}.Debug|Any CPU.ActiveCfg = Debug|Any CPU
		{860DA049-13B9-4AE1-9C1D-58723471E8A4}.Debug|Any CPU.Build.0 = Debug|Any CPU
		{860DA049-13B9-4AE1-9C1D-58723471E8A4}.Release|Any CPU.ActiveCfg = Release|Any CPU
		{860DA049-13B9-4AE1-9C1D-58723471E8A4}.Release|Any CPU.Build.0 = Release|Any CPU
	EndGlobalSection
	GlobalSection(SolutionProperties) = preSolution
		HideSolutionNode = FALSE
	EndGlobalSection
	GlobalSection(ExtensibilityGlobals) = postSolution
		SolutionGuid = {C940D959-3A9A-4150-9CD4-23638DF7C203}
	EndGlobalSection
EndGlobal
